// !$*UTF8*$!
{
	archiveVersion = 1;
	classes = {
	};
	objectVersion = 46;
	objects = {

/* Begin PBXBuildFile section */
		849AA4BD1E7470E2004E7566 /* MyScene.sks in Resources */ = {isa = PBXBuildFile; fileRef = 849AA4BC1E7470E2004E7566 /* MyScene.sks */; };
		84C962C91E69E51400DD1F9B /* AppDelegate.swift in Sources */ = {isa = PBXBuildFile; fileRef = 84C962C81E69E51400DD1F9B /* AppDelegate.swift */; };
		84C962CB1E69E51400DD1F9B /* GameScene.sks in Resources */ = {isa = PBXBuildFile; fileRef = 84C962CA1E69E51400DD1F9B /* GameScene.sks */; };
		84C962CD1E69E51400DD1F9B /* Actions.sks in Resources */ = {isa = PBXBuildFile; fileRef = 84C962CC1E69E51400DD1F9B /* Actions.sks */; };
		84C962CF1E69E51400DD1F9B /* GameScene.swift in Sources */ = {isa = PBXBuildFile; fileRef = 84C962CE1E69E51400DD1F9B /* GameScene.swift */; };
		84C962D11E69E51400DD1F9B /* GameViewController.swift in Sources */ = {isa = PBXBuildFile; fileRef = 84C962D01E69E51400DD1F9B /* GameViewController.swift */; };
		84C962D41E69E51400DD1F9B /* Main.storyboard in Resources */ = {isa = PBXBuildFile; fileRef = 84C962D21E69E51400DD1F9B /* Main.storyboard */; };
		84C962D61E69E51400DD1F9B /* Assets.xcassets in Resources */ = {isa = PBXBuildFile; fileRef = 84C962D51E69E51400DD1F9B /* Assets.xcassets */; };
		84C962D91E69E51400DD1F9B /* LaunchScreen.storyboard in Resources */ = {isa = PBXBuildFile; fileRef = 84C962D71E69E51400DD1F9B /* LaunchScreen.storyboard */; };
/* End PBXBuildFile section */

/* Begin PBXFileReference section */
		849AA4BC1E7470E2004E7566 /* MyScene.sks */ = {isa = PBXFileReference; lastKnownFileType = file.sks; path = MyScene.sks; sourceTree = "<group>"; };
		84C962C51E69E51400DD1F9B /* TQD.app */ = {isa = PBXFileReference; explicitFileType = wrapper.application; includeInIndex = 0; path = TQD.app; sourceTree = BUILT_PRODUCTS_DIR; };
		84C962C81E69E51400DD1F9B /* AppDelegate.swift */ = {isa = PBXFileReference; lastKnownFileType = sourcecode.swift; path = AppDelegate.swift; sourceTree = "<group>"; };
		84C962CA1E69E51400DD1F9B /* GameScene.sks */ = {isa = PBXFileReference; lastKnownFileType = file.sks; path = GameScene.sks; sourceTree = "<group>"; };
		84C962CC1E69E51400DD1F9B /* Actions.sks */ = {isa = PBXFileReference; lastKnownFileType = file.sks; path = Actions.sks; sourceTree = "<group>"; };
		84C962CE1E69E51400DD1F9B /* GameScene.swift */ = {isa = PBXFileReference; lastKnownFileType = sourcecode.swift; path = GameScene.swift; sourceTree = "<group>"; };
		84C962D01E69E51400DD1F9B /* GameViewController.swift */ = {isa = PBXFileReference; lastKnownFileType = sourcecode.swift; path = GameViewController.swift; sourceTree = "<group>"; };
		84C962D31E69E51400DD1F9B /* Base */ = {isa = PBXFileReference; lastKnownFileType = file.storyboard; name = Base; path = Base.lproj/Main.storyboard; sourceTree = "<group>"; };
		84C962D51E69E51400DD1F9B /* Assets.xcassets */ = {isa = PBXFileReference; lastKnownFileType = folder.assetcatalog; path = Assets.xcassets; sourceTree = "<group>"; };
		84C962D81E69E51400DD1F9B /* Base */ = {isa = PBXFileReference; lastKnownFileType = file.storyboard; name = Base; path = Base.lproj/LaunchScreen.storyboard; sourceTree = "<group>"; };
		84C962DA1E69E51400DD1F9B /* Info.plist */ = {isa = PBXFileReference; lastKnownFileType = text.plist.xml; path = Info.plist; sourceTree = "<group>"; };
/* End PBXFileReference section */

/* Begin PBXFrameworksBuildPhase section */
		84C962C21E69E51400DD1F9B /* Frameworks */ = {
			isa = PBXFrameworksBuildPhase;
			buildActionMask = 2147483647;
			files = (
			);
			runOnlyForDeploymentPostprocessing = 0;
		};
/* End PBXFrameworksBuildPhase section */

/* Begin PBXGroup section */
		84C962BC1E69E51400DD1F9B = {
			isa = PBXGroup;
			children = (
				84C962C71E69E51400DD1F9B /* TQD */,
				84C962C61E69E51400DD1F9B /* Products */,
			);
			sourceTree = "<group>";
		};
		84C962C61E69E51400DD1F9B /* Products */ = {
			isa = PBXGroup;
			children = (
				84C962C51E69E51400DD1F9B /* TQD.app */,
			);
			name = Products;
			sourceTree = "<group>";
		};
		84C962C71E69E51400DD1F9B /* TQD */ = {
			isa = PBXGroup;
			children = (
				84C962C81E69E51400DD1F9B /* AppDelegate.swift */,
				84C962CA1E69E51400DD1F9B /* GameScene.sks */,
				84C962CC1E69E51400DD1F9B /* Actions.sks */,
				84C962CE1E69E51400DD1F9B /* GameScene.swift */,
				84C962D01E69E51400DD1F9B /* GameViewController.swift */,
				84C962D21E69E51400DD1F9B /* Main.storyboard */,
				84C962D51E69E51400DD1F9B /* Assets.xcassets */,
				84C962D71E69E51400DD1F9B /* LaunchScreen.storyboard */,
				84C962DA1E69E51400DD1F9B /* Info.plist */,
				849AA4BC1E7470E2004E7566 /* MyScene.sks */,
			);
			path = TQD;
			sourceTree = "<group>";
		};
/* End PBXGroup section */

/* Begin PBXNativeTarget section */
		84C962C41E69E51400DD1F9B /* TQD */ = {
			isa = PBXNativeTarget;
			buildConfigurationList = 84C962DD1E69E51400DD1F9B /* Build configuration list for PBXNativeTarget "TQD" */;
			buildPhases = (
				84C962C11E69E51400DD1F9B /* Sources */,
				84C962C21E69E51400DD1F9B /* Frameworks */,
				84C962C31E69E51400DD1F9B /* Resources */,
			);
			buildRules = (
			);
			dependencies = (
			);
			name = TQD;
			productName = TQD;
			productReference = 84C962C51E69E51400DD1F9B /* TQD.app */;
			productType = "com.apple.product-type.application";
		};
/* End PBXNativeTarget section */

/* Begin PBXProject section */
		84C962BD1E69E51400DD1F9B /* Project object */ = {
			isa = PBXProject;
			attributes = {
				LastSwiftUpdateCheck = 0820;
				LastUpgradeCheck = 0820;
				ORGANIZATIONNAME = admin;
				TargetAttributes = {
					84C962C41E69E51400DD1F9B = {
						CreatedOnToolsVersion = 8.2.1;
						ProvisioningStyle = Automatic;
					};
				};
			};
			buildConfigurationList = 84C962C01E69E51400DD1F9B /* Build configuration list for PBXProject "TQD" */;
			compatibilityVersion = "Xcode 3.2";
			developmentRegion = English;
			hasScannedForEncodings = 0;
			knownRegions = (
				en,
				Base,
			);
			mainGroup = 84C962BC1E69E51400DD1F9B;
			productRefGroup = 84C962C61E69E51400DD1F9B /* Products */;
			projectDirPath = "";
			projectRoot = "";
			targets = (
				84C962C41E69E51400DD1F9B /* TQD */,
			);
		};
/* End PBXProject section */

/* Begin PBXResourcesBuildPhase section */
		84C962C31E69E51400DD1F9B /* Resources */ = {
			isa = PBXResourcesBuildPhase;
			buildActionMask = 2147483647;
			files = (
				84C962D41E69E51400DD1F9B /* Main.storyboard in Resources */,
				84C962CB1E69E51400DD1F9B /* GameScene.sks in Resources */,
				84C962D61E69E51400DD1F9B /* Assets.xcassets in Resources */,
				84C962D91E69E51400DD1F9B /* LaunchScreen.storyboard in Resources */,
				849AA4BD1E7470E2004E7566 /* MyScene.sks in Resources */,
				84C962CD1E69E51400DD1F9B /* Actions.sks in Resources */,
			);
			runOnlyForDeploymentPostprocessing = 0;
		};
/* End PBXResourcesBuildPhase section */

/* Begin PBXSourcesBuildPhase section */
		84C962C11E69E51400DD1F9B /* Sources */ = {
			isa = PBXSourcesBuildPhase;
			buildActionMask = 2147483647;
			files = (
				84C962CF1E69E51400DD1F9B /* GameScene.swift in Sources */,
				84C962D11E69E51400DD1F9B /* GameViewController.swift in Sources */,
				84C962C91E69E51400DD1F9B /* AppDelegate.swift in Sources */,
			);
			runOnlyForDeploymentPostprocessing = 0;
		};
/* End PBXSourcesBuildPhase section */

/* Begin PBXVariantGroup section */
		84C962D21E69E51400DD1F9B /* Main.storyboard */ = {
			isa = PBXVariantGroup;
			children = (
				84C962D31E69E51400DD1F9B /* Base */,
			);
			name = Main.storyboard;
			sourceTree = "<group>";
		};
		84C962D71E69E51400DD1F9B /* LaunchScreen.storyboard */ = {
			isa = PBXVariantGroup;
			children = (
				84C962D81E69E51400DD1F9B /* Base */,
			);
			name = LaunchScreen.storyboard;
			sourceTree = "<group>";
		};
/* End PBXVariantGroup section */

/* Begin XCBuildConfiguration section */
		84C962DB1E69E51400DD1F9B /* Debug */ = {
			isa = XCBuildConfiguration;
			buildSettings = {
				ALWAYS_SEARCH_USER_PATHS = NO;
				CLANG_ANALYZER_NONNULL = YES;
				CLANG_CXX_LANGUAGE_STANDARD = "gnu++0x";
				CLANG_CXX_LIBRARY = "libc++";
				CLANG_ENABLE_MODULES = YES;
				CLANG_ENABLE_OBJC_ARC = YES;
				CLANG_WARN_BOOL_CONVERSION = YES;
				CLANG_WARN_CONSTANT_CONVERSION = YES;
				CLANG_WARN_DIRECT_OBJC_ISA_USAGE = YES_ERROR;
				CLANG_WARN_DOCUMENTATION_COMMENTS = YES;
				CLANG_WARN_EMPTY_BODY = YES;
				CLANG_WARN_ENUM_CONVERSION = YES;
				CLANG_WARN_INFINITE_RECURSION = YES;
				CLANG_WARN_INT_CONVERSION = YES;
				CLANG_WARN_OBJC_ROOT_CLASS = YES_ERROR;
				CLANG_WARN_SUSPICIOUS_MOVE = YES;
				CLANG_WARN_UNREACHABLE_CODE = YES;
				CLANG_WARN__DUPLICATE_METHOD_MATCH = YES;
				"CODE_SIGN_IDENTITY[sdk=iphoneos*]" = "iPhone Developer";
				COPY_PHASE_STRIP = NO;
				DEBUG_INFORMATION_FORMAT = dwarf;
				ENABLE_STRICT_OBJC_MSGSEND = YES;
				ENABLE_TESTABILITY = YES;
				GCC_C_LANGUAGE_STANDARD = gnu99;
				GCC_DYNAMIC_NO_PIC = NO;
				GCC_NO_COMMON_BLOCKS = YES;
				GCC_OPTIMIZATION_LEVEL = 0;
				GCC_PREPROCESSOR_DEFINITIONS = (
					"DEBUG=1",
					"$(inherited)",
				);
				GCC_WARN_64_TO_32_BIT_CONVERSION = YES;
				GCC_WARN_ABOUT_RETURN_TYPE = YES_ERROR;
				GCC_WARN_UNDECLARED_SELECTOR = YES;
				GCC_WARN_UNINITIALIZED_AUTOS = YES_AGGRESSIVE;
				GCC_WARN_UNUSED_FUNCTION = YES;
				GCC_WARN_UNUSED_VARIABLE = YES;
				IPHONEOS_DEPLOYMENT_TARGET = 10.2;
				MTL_ENABLE_DEBUG_INFO = YES;
				ONLY_ACTIVE_ARCH = YES;
				SDKROOT = iphoneos;
				SWIFT_ACTIVE_COMPILATION_CONDITIONS = DEBUG;
				SWIFT_OPTIMIZATION_LEVEL = "-Onone";
				TARGETED_DEVICE_FAMILY = "1,2";
			};
			name = Debug;
		};
		84C962DC1E69E51400DD1F9B /* Release */ = {
			isa = XCBuildConfiguration;
			buildSettings = {
				ALWAYS_SEARCH_USER_PATHS = NO;
				CLANG_ANALYZER_NONNULL = YES;
				CLANG_CXX_LANGUAGE_STANDARD = "gnu++0x";
				CLANG_CXX_LIBRARY = "libc++";
				CLANG_ENABLE_MODULES = YES;
				CLANG_ENABLE_OBJC_ARC = YES;
				CLANG_WARN_BOOL_CONVERSION = YES;
				CLANG_WARN_CONSTANT_CONVERSION = YES;
				CLANG_WARN_DIRECT_OBJC_ISA_USAGE = YES_ERROR;
				CLANG_WARN_DOCUMENTATION_COMMENTS = YES;
				CLANG_WARN_EMPTY_BODY = YES;
				CLANG_WARN_ENUM_CONVERSION = YES;
				CLANG_WARN_INFINITE_RECURSION = YES;
				CLANG_WARN_INT_CONVERSION = YES;
				CLANG_WARN_OBJC_ROOT_CLASS = YES_ERROR;
				CLANG_WARN_SUSPICIOUS_MOVE = YES;
				CLANG_WARN_UNREACHABLE_CODE = YES;
				CLANG_WARN__DUPLICATE_METHOD_MATCH = YES;
				"CODE_SIGN_IDENTITY[sdk=iphoneos*]" = "iPhone Developer";
				COPY_PHASE_STRIP = NO;
				DEBUG_INFORMATION_FORMAT = "dwarf-with-dsym";
				ENABLE_NS_ASSERTIONS = NO;
				ENABLE_STRICT_OBJC_MSGSEND = YES;
				GCC_C_LANGUAGE_STANDARD = gnu99;
				GCC_NO_COMMON_BLOCKS = YES;
				GCC_WARN_64_TO_32_BIT_CONVERSION = YES;
				GCC_WARN_ABOUT_RETURN_TYPE = YES_ERROR;
				GCC_WARN_UNDECLARED_SELECTOR = YES;
				GCC_WARN_UNINITIALIZED_AUTOS = YES_AGGRESSIVE;
				GCC_WARN_UNUSED_FUNCTION = YES;
				GCC_WARN_UNUSED_VARIABLE = YES;
				IPHONEOS_DEPLOYMENT_TARGET = 10.2;
				MTL_ENABLE_DEBUG_INFO = NO;
				SDKROOT = iphoneos;
				SWIFT_OPTIMIZATION_LEVEL = "-Owholemodule";
				TARGETED_DEVICE_FAMILY = "1,2";
				VALIDATE_PRODUCT = YES;
			};
			name = Release;
		};
		84C962DE1E69E51400DD1F9B /* Debug */ = {
			isa = XCBuildConfiguration;
			buildSettings = {
				ASSETCATALOG_COMPILER_APPICON_NAME = AppIcon;
				INFOPLIST_FILE = TQD/Info.plist;
				LD_RUNPATH_SEARCH_PATHS = "$(inherited) @executable_path/Frameworks";
				PRODUCT_BUNDLE_IDENTIFIER = abc.com.TQD;
				PRODUCT_NAME = "$(TARGET_NAME)";
				SWIFT_VERSION = 3.0;
			};
			name = Debug;
		};
		84C962DF1E69E51400DD1F9B /* Release */ = {
			isa = XCBuildConfiguration;
			buildSettings = {
				ASSETCATALOG_COMPILER_APPICON_NAME = AppIcon;
				INFOPLIST_FILE = TQD/Info.plist;
				LD_RUNPATH_SEARCH_PATHS = "$(inherited) @executable_path/Frameworks";
				PRODUCT_BUNDLE_IDENTIFIER = abc.com.TQD;
				PRODUCT_NAME = "$(TARGET_NAME)";
				SWIFT_VERSION = 3.0;
			};
			name = Release;
		};
/* End XCBuildConfiguration section */

/* Begin XCConfigurationList section */
		84C962C01E69E51400DD1F9B /* Build configuration list for PBXProject "TQD" */ = {
			isa = XCConfigurationList;
			buildConfigurations = (
				84C962DB1E69E51400DD1F9B /* Debug */,
				84C962DC1E69E51400DD1F9B /* Release */,
			);
			defaultConfigurationIsVisible = 0;
			defaultConfigurationName = Release;
		};
		84C962DD1E69E51400DD1F9B /* Build configuration list for PBXNativeTarget "TQD" */ = {
			isa = XCConfigurationList;
			buildConfigurations = (
				84C962DE1E69E51400DD1F9B /* Debug */,
				84C962DF1E69E51400DD1F9B /* Release */,
			);
			defaultConfigurationIsVisible = 0;
			defaultConfigurationName = Release;
		};
/* End XCConfigurationList section */
	};
	rootObject = 84C962BD1E69E51400DD1F9B /* Project object */;
}
